{
  "version": 4,
  "terraform_version": "0.13.4",
  "serial": 90,
  "lineage": "0f8580b4-acd5-5aa6-0036-4db151ffa756",
  "outputs": {},
  "resources": [
    {
      "mode": "data",
      "type": "azurerm_client_config",
      "name": "current",
      "provider": "provider[\"registry.terraform.io/hashicorp/azurerm\"]",
      "instances": [
        {
          "schema_version": 0,
          "attributes": {
            "client_id": "04b07795-8ddb-461a-bbee-02f9e1bf7b46",
            "id": "2020-10-28 19:35:30.653222 +0000 UTC",
            "object_id": "4c141a35-07dc-4629-adc8-ebfafead2a97",
            "subscription_id": "eee82de0-1f1d-4472-8d05-242e50fcd760",
            "tenant_id": "6ff60d36-925f-4785-a854-510f909ee561",
            "timeouts": null
          }
        }
      ]
    },
    {
      "mode": "managed",
      "type": "azurerm_app_service_plan",
      "name": "appserviceplan",
      "provider": "provider[\"registry.terraform.io/hashicorp/azurerm\"]",
      "instances": [
        {
          "schema_version": 0,
          "attributes": {
            "app_service_environment_id": "",
            "id": "/subscriptions/eee82de0-1f1d-4472-8d05-242e50fcd760/resourceGroups/teletrack-Sandbox1/providers/Microsoft.Web/serverfarms/teletrack-Sandbox-AppServicePlan",
            "is_xenon": false,
            "kind": "linux",
            "location": "northcentralus",
            "maximum_elastic_worker_count": 1,
            "maximum_number_of_workers": 10,
            "name": "teletrack-Sandbox-AppServicePlan",
            "per_site_scaling": false,
            "reserved": true,
            "resource_group_name": "teletrack-Sandbox1",
            "sku": [
              {
                "capacity": 1,
                "size": "S1",
                "tier": "Standard"
              }
            ],
            "tags": null,
            "timeouts": null
          },
          "private": "eyJlMmJmYjczMC1lY2FhLTExZTYtOGY4OC0zNDM2M2JjN2M0YzAiOnsiY3JlYXRlIjozNjAwMDAwMDAwMDAwLCJkZWxldGUiOjM2MDAwMDAwMDAwMDAsInJlYWQiOjMwMDAwMDAwMDAwMCwidXBkYXRlIjozNjAwMDAwMDAwMDAwfX0=",
          "dependencies": [
            "azurerm_resource_group.resource_group"
          ]
        }
      ]
    },
    {
      "mode": "managed",
      "type": "azurerm_key_vault",
      "name": "keyvault",
      "provider": "provider[\"registry.terraform.io/hashicorp/azurerm\"]",
      "instances": [
        {
          "schema_version": 1,
          "attributes": {
            "access_policy": [],
            "enable_rbac_authorization": false,
            "enabled_for_deployment": false,
            "enabled_for_disk_encryption": true,
            "enabled_for_template_deployment": false,
            "id": "/subscriptions/eee82de0-1f1d-4472-8d05-242e50fcd760/resourceGroups/teletrack-Sandbox1/providers/Microsoft.KeyVault/vaults/telsankv",
            "location": "northcentralus",
            "name": "telsankv",
            "network_acls": [
              {
                "bypass": "AzureServices",
                "default_action": "Allow",
                "ip_rules": [],
                "virtual_network_subnet_ids": []
              }
            ],
            "purge_protection_enabled": false,
            "resource_group_name": "teletrack-Sandbox1",
            "sku_name": "standard",
            "soft_delete_enabled": true,
            "soft_delete_retention_days": 0,
            "tags": {
              "Environment": "Sandbox",
              "Product": "Teletrack",
              "Technical Owner": "David Adams"
            },
            "tenant_id": "6ff60d36-925f-4785-a854-510f909ee561",
            "timeouts": null,
            "vault_uri": "https://telsankv.vault.azure.net/"
          },
          "private": "eyJlMmJmYjczMC1lY2FhLTExZTYtOGY4OC0zNDM2M2JjN2M0YzAiOnsiY3JlYXRlIjoxODAwMDAwMDAwMDAwLCJkZWxldGUiOjE4MDAwMDAwMDAwMDAsInJlYWQiOjMwMDAwMDAwMDAwMCwidXBkYXRlIjoxODAwMDAwMDAwMDAwfSwic2NoZW1hX3ZlcnNpb24iOiIxIn0=",
          "dependencies": [
            "azurerm_resource_group.resource_group",
            "data.azurerm_client_config.current"
          ]
        }
      ]
    },
    {
      "mode": "managed",
      "type": "azurerm_key_vault_access_policy",
      "name": "keyvault_full_access_users",
      "provider": "provider[\"registry.terraform.io/hashicorp/azurerm\"]",
      "instances": [
        {
          "index_key": 0,
          "schema_version": 0,
          "attributes": {
            "application_id": null,
            "certificate_permissions": null,
            "id": "/subscriptions/eee82de0-1f1d-4472-8d05-242e50fcd760/resourceGroups/teletrack-Sandbox1/providers/Microsoft.KeyVault/vaults/telsankv/objectId/c641daed-ecf8-41e4-b0fc-45f81f1ebfd3",
            "key_permissions": [
              "get",
              "import",
              "list",
              "recover",
              "restore",
              "backup",
              "create",
              "delete"
            ],
            "key_vault_id": "/subscriptions/eee82de0-1f1d-4472-8d05-242e50fcd760/resourceGroups/teletrack-Sandbox1/providers/Microsoft.KeyVault/vaults/telsankv",
            "object_id": "c641daed-ecf8-41e4-b0fc-45f81f1ebfd3",
            "secret_permissions": [
              "backup",
              "delete",
              "get",
              "list",
              "recover",
              "restore",
              "set"
            ],
            "storage_permissions": [
              "backup",
              "delete",
              "deletesas",
              "get",
              "getsas",
              "list",
              "listsas",
              "purge",
              "recover",
              "regeneratekey",
              "restore",
              "set",
              "setsas",
              "update"
            ],
            "tenant_id": "6ff60d36-925f-4785-a854-510f909ee561",
            "timeouts": null
          },
          "private": "eyJlMmJmYjczMC1lY2FhLTExZTYtOGY4OC0zNDM2M2JjN2M0YzAiOnsiY3JlYXRlIjoxODAwMDAwMDAwMDAwLCJkZWxldGUiOjE4MDAwMDAwMDAwMDAsInJlYWQiOjMwMDAwMDAwMDAwMCwidXBkYXRlIjoxODAwMDAwMDAwMDAwfX0=",
          "dependencies": [
            "azurerm_key_vault.keyvault",
            "azurerm_resource_group.resource_group",
            "data.azurerm_client_config.current"
          ]
        }
      ]
    },
    {
      "mode": "managed",
      "type": "azurerm_monitor_autoscale_setting",
      "name": "appserviceplan_autoscale",
      "provider": "provider[\"registry.terraform.io/hashicorp/azurerm\"]",
      "instances": [
        {
          "schema_version": 0,
          "attributes": {
            "enabled": true,
            "id": "/subscriptions/eee82de0-1f1d-4472-8d05-242e50fcd760/resourceGroups/teletrack-Sandbox1/providers/microsoft.insights/autoscalesettings/teletrackAutoScaleSetting",
            "location": "northcentralus",
            "name": "teletrackAutoScaleSetting",
            "notification": [],
            "profile": [
              {
                "capacity": [
                  {
                    "default": 1,
                    "maximum": 2,
                    "minimum": 1
                  }
                ],
                "fixed_date": [],
                "name": "defaultProfile",
                "recurrence": [],
                "rule": [
                  {
                    "metric_trigger": [
                      {
                        "metric_name": "CPUPercentage",
                        "metric_resource_id": "/subscriptions/eee82de0-1f1d-4472-8d05-242e50fcd760/resourceGroups/teletrack-Sandbox1/providers/Microsoft.Web/serverfarms/teletrack-Sandbox-AppServicePlan",
                        "operator": "GreaterThan",
                        "statistic": "Average",
                        "threshold": 75,
                        "time_aggregation": "Average",
                        "time_grain": "PT1M",
                        "time_window": "PT10M"
                      }
                    ],
                    "scale_action": [
                      {
                        "cooldown": "PT1M",
                        "direction": "Increase",
                        "type": "ChangeCount",
                        "value": 1
                      }
                    ]
                  },
                  {
                    "metric_trigger": [
                      {
                        "metric_name": "CPUPercentage",
                        "metric_resource_id": "/subscriptions/eee82de0-1f1d-4472-8d05-242e50fcd760/resourceGroups/teletrack-Sandbox1/providers/Microsoft.Web/serverfarms/teletrack-Sandbox-AppServicePlan",
                        "operator": "LessThan",
                        "statistic": "Average",
                        "threshold": 40,
                        "time_aggregation": "Average",
                        "time_grain": "PT1M",
                        "time_window": "PT10M"
                      }
                    ],
                    "scale_action": [
                      {
                        "cooldown": "PT1M",
                        "direction": "Decrease",
                        "type": "ChangeCount",
                        "value": 1
                      }
                    ]
                  }
                ]
              }
            ],
            "resource_group_name": "teletrack-Sandbox1",
            "tags": null,
            "target_resource_id": "/subscriptions/eee82de0-1f1d-4472-8d05-242e50fcd760/resourceGroups/teletrack-Sandbox1/providers/Microsoft.Web/serverfarms/teletrack-Sandbox-AppServicePlan",
            "timeouts": null
          },
          "private": "eyJlMmJmYjczMC1lY2FhLTExZTYtOGY4OC0zNDM2M2JjN2M0YzAiOnsiY3JlYXRlIjoxODAwMDAwMDAwMDAwLCJkZWxldGUiOjE4MDAwMDAwMDAwMDAsInJlYWQiOjMwMDAwMDAwMDAwMCwidXBkYXRlIjoxODAwMDAwMDAwMDAwfX0=",
          "dependencies": [
            "azurerm_app_service_plan.appserviceplan",
            "azurerm_resource_group.resource_group"
          ]
        }
      ]
    },
    {
      "mode": "managed",
      "type": "azurerm_resource_group",
      "name": "resource_group",
      "provider": "provider[\"registry.terraform.io/hashicorp/azurerm\"]",
      "instances": [
        {
          "schema_version": 0,
          "attributes": {
            "id": "/subscriptions/eee82de0-1f1d-4472-8d05-242e50fcd760/resourceGroups/teletrack-Sandbox1",
            "location": "northcentralus",
            "name": "teletrack-Sandbox1",
            "tags": null,
            "timeouts": {
              "create": "3h",
              "delete": "2h",
              "read": null,
              "update": null
            }
          },
          "private": "eyJlMmJmYjczMC1lY2FhLTExZTYtOGY4OC0zNDM2M2JjN2M0YzAiOnsiY3JlYXRlIjoxMDgwMDAwMDAwMDAwMCwiZGVsZXRlIjo3MjAwMDAwMDAwMDAwLCJyZWFkIjozMDAwMDAwMDAwMDAsInVwZGF0ZSI6NTQwMDAwMDAwMDAwMH19"
        }
      ]
    },
    {
      "mode": "managed",
      "type": "azurerm_role_assignment",
      "name": "role_assignment",
      "provider": "provider[\"registry.terraform.io/hashicorp/azurerm\"]",
      "instances": [
        {
          "index_key": 0,
          "schema_version": 0,
          "attributes": {
            "id": "/subscriptions/eee82de0-1f1d-4472-8d05-242e50fcd760/resourceGroups/teletrack-Sandbox1/providers/Microsoft.Authorization/roleAssignments/1ecc51b6-e079-aaf5-d379-ed669ae1ec51",
            "name": "1ecc51b6-e079-aaf5-d379-ed669ae1ec51",
            "principal_id": "c641daed-ecf8-41e4-b0fc-45f81f1ebfd3",
            "principal_type": "Group",
            "role_definition_id": "/subscriptions/eee82de0-1f1d-4472-8d05-242e50fcd760/providers/Microsoft.Authorization/roleDefinitions/b24988ac-6180-42a0-ab88-20f7382dd24c",
            "role_definition_name": "Contributor",
            "scope": "/subscriptions/eee82de0-1f1d-4472-8d05-242e50fcd760/resourceGroups/teletrack-Sandbox1",
            "skip_service_principal_aad_check": null,
            "timeouts": null
          },
          "private": "eyJlMmJmYjczMC1lY2FhLTExZTYtOGY4OC0zNDM2M2JjN2M0YzAiOnsiY3JlYXRlIjoxODAwMDAwMDAwMDAwLCJkZWxldGUiOjE4MDAwMDAwMDAwMDAsInJlYWQiOjMwMDAwMDAwMDAwMCwidXBkYXRlIjoxODAwMDAwMDAwMDAwfX0=",
          "dependencies": [
            "azurerm_resource_group.resource_group"
          ]
        }
      ]
    }
  ]
}
